
Microsoft Visual Studio Solution File, Format Version 11.00
# Visual Studio 2010
Project("{FAE04EC0-301F-11D3-BF4B-00C04F79EFBC}") = "SimpleHotelIS", "SimpleHotelIS\SimpleHotelIS.csproj", "{B36D8E42-7F4C-468E-95CF-42A03625DCF2}"
EndProject
Project("{FAE04EC0-301F-11D3-BF4B-00C04F79EFBC}") = "SimpleHotelIS.Tests", "SimpleHotelIS.Tests\SimpleHotelIS.Tests.csproj", "{8200B0E8-8A4D-428F-BEA4-B0ABB03DEF6B}"
EndProject
Project("{2150E333-8FDC-42A3-9474-1A3956D46DE8}") = ".nuget", ".nuget", "{EECC991D-2165-46BA-B6C2-A445A1576720}"
	ProjectSection(SolutionItems) = preProject
		.nuget\NuGet.Config = .nuget\NuGet.Config
		.nuget\nuget.exe = .nuget\nuget.exe
		.nuget\NuGet.targets = .nuget\NuGet.targets
	EndProjectSection
EndProject
Global
	GlobalSection(SolutionConfigurationPlatforms) = preSolution
		Debug|Any CPU = Debug|Any CPU
		Release|Any CPU = Release|Any CPU
	EndGlobalSection
	GlobalSection(ProjectConfigurationPlatforms) = postSolution
		{B36D8E42-7F4C-468E-95CF-42A03625DCF2}.Debug|Any CPU.ActiveCfg = Debug|Any CPU
		{B36D8E42-7F4C-468E-95CF-42A03625DCF2}.Debug|Any CPU.Build.0 = Debug|Any CPU
		{B36D8E42-7F4C-468E-95CF-42A03625DCF2}.Release|Any CPU.ActiveCfg = Release|Any CPU
		{B36D8E42-7F4C-468E-95CF-42A03625DCF2}.Release|Any CPU.Build.0 = Release|Any CPU
		{8200B0E8-8A4D-428F-BEA4-B0ABB03DEF6B}.Debug|Any CPU.ActiveCfg = Debug|Any CPU
		{8200B0E8-8A4D-428F-BEA4-B0ABB03DEF6B}.Debug|Any CPU.Build.0 = Debug|Any CPU
		{8200B0E8-8A4D-428F-BEA4-B0ABB03DEF6B}.Release|Any CPU.ActiveCfg = Release|Any CPU
		{8200B0E8-8A4D-428F-BEA4-B0ABB03DEF6B}.Release|Any CPU.Build.0 = Release|Any CPU
	EndGlobalSection
	GlobalSection(SolutionProperties) = preSolution
		HideSolutionNode = FALSE
	EndGlobalSection
EndGlobal
